// !$*UTF8*$!
{
	archiveVersion = 1;
	classes = {
	};
	objectVersion = 46;
	objects = {

/* Begin PBXBuildFile section */
		4179D0A1184C932A004D0815 /* main.c in Sources */ = {isa = PBXBuildFile; fileRef = 4179D0A0184C932A004D0815 /* main.c */; };
		4179D0A3184C932A004D0815 /* Binary_Combinations.1 in CopyFiles */ = {isa = PBXBuildFile; fileRef = 4179D0A2184C932A004D0815 /* Binary_Combinations.1 */; };
/* End PBXBuildFile section */

/* Begin PBXCopyFilesBuildPhase section */
		4179D09B184C932A004D0815 /* CopyFiles */ = {
			isa = PBXCopyFilesBuildPhase;
			buildActionMask = 2147483647;
			dstPath = /usr/share/man/man1/;
			dstSubfolderSpec = 0;
			files = (
				4179D0A3184C932A004D0815 /* Binary_Combinations.1 in CopyFiles */,
			);
			runOnlyForDeploymentPostprocessing = 1;
		};
/* End PBXCopyFilesBuildPhase section */

/* Begin PBXFileReference section */
		4179D09D184C932A004D0815 /* Binary Combinations */ = {isa = PBXFileReference; explicitFileType = "compiled.mach-o.executable"; includeInIndex = 0; path = "Binary Combinations"; sourceTree = BUILT_PRODUCTS_DIR; };
		4179D0A0184C932A004D0815 /* main.c */ = {isa = PBXFileReference; lastKnownFileType = sourcecode.c.c; path = main.c; sourceTree = "<group>"; };
		4179D0A2184C932A004D0815 /* Binary_Combinations.1 */ = {isa = PBXFileReference; lastKnownFileType = text.man; path = Binary_Combinations.1; sourceTree = "<group>"; };
/* End PBXFileReference section */

/* Begin PBXFrameworksBuildPhase section */
		4179D09A184C932A004D0815 /* Frameworks */ = {
			isa = PBXFrameworksBuildPhase;
			buildActionMask = 2147483647;
			files = (
			);
			runOnlyForDeploymentPostprocessing = 0;
		};
/* End PBXFrameworksBuildPhase section */

/* Begin PBXGroup section */
		4179D094184C932A004D0815 = {
			isa = PBXGroup;
			children = (
				4179D09F184C932A004D0815 /* Binary Combinations */,
				4179D09E184C932A004D0815 /* Products */,
			);
			sourceTree = "<group>";
		};
		4179D09E184C932A004D0815 /* Products */ = {
			isa = PBXGroup;
			children = (
				4179D09D184C932A004D0815 /* Binary Combinations */,
			);
			name = Products;
			sourceTree = "<group>";
		};
		4179D09F184C932A004D0815 /* Binary Combinations */ = {
			isa = PBXGroup;
			children = (
				4179D0A0184C932A004D0815 /* main.c */,
				4179D0A2184C932A004D0815 /* Binary_Combinations.1 */,
			);
			path = "Binary Combinations";
			sourceTree = "<group>";
		};
/* End PBXGroup section */

/* Begin PBXNativeTarget section */
		4179D09C184C932A004D0815 /* Binary Combinations */ = {
			isa = PBXNativeTarget;
			buildConfigurationList = 4179D0A6184C932A004D0815 /* Build configuration list for PBXNativeTarget "Binary Combinations" */;
			buildPhases = (
				4179D099184C932A004D0815 /* Sources */,
				4179D09A184C932A004D0815 /* Frameworks */,
				4179D09B184C932A004D0815 /* CopyFiles */,
			);
			buildRules = (
			);
			dependencies = (
			);
			name = "Binary Combinations";
			productName = "Binary Combinations";
			productReference = 4179D09D184C932A004D0815 /* Binary Combinations */;
			productType = "com.apple.product-type.tool";
		};
/* End PBXNativeTarget section */

/* Begin PBXProject section */
		4179D095184C932A004D0815 /* Project object */ = {
			isa = PBXProject;
			attributes = {
				LastUpgradeCheck = 0500;
				ORGANIZATIONNAME = "Rafael Kellermann Streit";
			};
			buildConfigurationList = 4179D098184C932A004D0815 /* Build configuration list for PBXProject "Binary Combinations" */;
			compatibilityVersion = "Xcode 3.2";
			developmentRegion = English;
			hasScannedForEncodings = 0;
			knownRegions = (
				en,
			);
			mainGroup = 4179D094184C932A004D0815;
			productRefGroup = 4179D09E184C932A004D0815 /* Products */;
			projectDirPath = "";
			projectRoot = "";
			targets = (
				4179D09C184C932A004D0815 /* Binary Combinations */,
			);
		};
/* End PBXProject section */

/* Begin PBXSourcesBuildPhase section */
		4179D099184C932A004D0815 /* Sources */ = {
			isa = PBXSourcesBuildPhase;
			buildActionMask = 2147483647;
			files = (
				4179D0A1184C932A004D0815 /* main.c in Sources */,
			);
			runOnlyForDeploymentPostprocessing = 0;
		};
/* End PBXSourcesBuildPhase section */

/* Begin XCBuildConfiguration section */
		4179D0A4184C932A004D0815 /* Debug */ = {
			isa = XCBuildConfiguration;
			buildSettings = {
				ALWAYS_SEARCH_USER_PATHS = NO;
				CLANG_CXX_LANGUAGE_STANDARD = "gnu++0x";
				CLANG_CXX_LIBRARY = "libc++";
				CLANG_ENABLE_OBJC_ARC = YES;
				CLANG_WARN_BOOL_CONVERSION = YES;
				CLANG_WARN_CONSTANT_CONVERSION = YES;
				CLANG_WARN_DIRECT_OBJC_ISA_USAGE = YES_ERROR;
				CLANG_WARN_EMPTY_BODY = YES;
				CLANG_WARN_ENUM_CONVERSION = YES;
				CLANG_WARN_INT_CONVERSION = YES;
				CLANG_WARN_OBJC_ROOT_CLASS = YES_ERROR;
				CLANG_WARN__DUPLICATE_METHOD_MATCH = YES;
				COPY_PHASE_STRIP = NO;
				GCC_C_LANGUAGE_STANDARD = gnu99;
				GCC_DYNAMIC_NO_PIC = NO;
				GCC_ENABLE_OBJC_EXCEPTIONS = YES;
				GCC_OPTIMIZATION_LEVEL = 0;
				GCC_PREPROCESSOR_DEFINITIONS = (
					"DEBUG=1",
					"$(inherited)",
				);
				GCC_SYMBOLS_PRIVATE_EXTERN = NO;
				GCC_WARN_64_TO_32_BIT_CONVERSION = YES;
				GCC_WARN_ABOUT_RETURN_TYPE = YES_ERROR;
				GCC_WARN_UNDECLARED_SELECTOR = YES;
				GCC_WARN_UNINITIALIZED_AUTOS = YES;
				GCC_WARN_UNUSED_FUNCTION = YES;
				GCC_WARN_UNUSED_VARIABLE = YES;
				MACOSX_DEPLOYMENT_TARGET = 10.9;
				ONLY_ACTIVE_ARCH = YES;
				SDKROOT = macosx;
			};
			name = Debug;
		};
		4179D0A5184C932A004D0815 /* Release */ = {
			isa = XCBuildConfiguration;
			buildSettings = {
				ALWAYS_SEARCH_USER_PATHS = NO;
				CLANG_CXX_LANGUAGE_STANDARD = "gnu++0x";
				CLANG_CXX_LIBRARY = "libc++";
				CLANG_ENABLE_OBJC_ARC = YES;
				CLANG_WARN_BOOL_CONVERSION = YES;
				CLANG_WARN_CONSTANT_CONVERSION = YES;
				CLANG_WARN_DIRECT_OBJC_ISA_USAGE = YES_ERROR;
				CLANG_WARN_EMPTY_BODY = YES;
				CLANG_WARN_ENUM_CONVERSION = YES;
				CLANG_WARN_INT_CONVERSION = YES;
				CLANG_WARN_OBJC_ROOT_CLASS = YES_ERROR;
				CLANG_WARN__DUPLICATE_METHOD_MATCH = YES;
				COPY_PHASE_STRIP = YES;
				DEBUG_INFORMATION_FORMAT = "dwarf-with-dsym";
				ENABLE_NS_ASSERTIONS = NO;
				GCC_C_LANGUAGE_STANDARD = gnu99;
				GCC_ENABLE_OBJC_EXCEPTIONS = YES;
				GCC_WARN_64_TO_32_BIT_CONVERSION = YES;
				GCC_WARN_ABOUT_RETURN_TYPE = YES_ERROR;
				GCC_WARN_UNDECLARED_SELECTOR = YES;
				GCC_WARN_UNINITIALIZED_AUTOS = YES;
				GCC_WARN_UNUSED_FUNCTION = YES;
				GCC_WARN_UNUSED_VARIABLE = YES;
				MACOSX_DEPLOYMENT_TARGET = 10.9;
				SDKROOT = macosx;
			};
			name = Release;
		};
		4179D0A7184C932A004D0815 /* Debug */ = {
			isa = XCBuildConfiguration;
			buildSettings = {
				PRODUCT_NAME = "$(TARGET_NAME)";
			};
			name = Debug;
		};
		4179D0A8184C932A004D0815 /* Release */ = {
			isa = XCBuildConfiguration;
			buildSettings = {
				PRODUCT_NAME = "$(TARGET_NAME)";
			};
			name = Release;
		};
/* End XCBuildConfiguration section */

/* Begin XCConfigurationList section */
		4179D098184C932A004D0815 /* Build configuration list for PBXProject "Binary Combinations" */ = {
			isa = XCConfigurationList;
			buildConfigurations = (
				4179D0A4184C932A004D0815 /* Debug */,
				4179D0A5184C932A004D0815 /* Release */,
			);
			defaultConfigurationIsVisible = 0;
			defaultConfigurationName = Release;
		};
		4179D0A6184C932A004D0815 /* Build configuration list for PBXNativeTarget "Binary Combinations" */ = {
			isa = XCConfigurationList;
			buildConfigurations = (
				4179D0A7184C932A004D0815 /* Debug */,
				4179D0A8184C932A004D0815 /* Release */,
			);
			defaultConfigurationIsVisible = 0;
		};
/* End XCConfigurationList section */
	};
	rootObject = 4179D095184C932A004D0815 /* Project object */;
}
