// !$*UTF8*$!
{
	archiveVersion = 1;
	classes = {
	};
	objectVersion = 46;
	objects = {

/* Begin PBXBuildFile section */
		4127F34C187D6D50009436AE /* RKSDaysViewController.m in Sources */ = {isa = PBXBuildFile; fileRef = 4127F34B187D6D50009436AE /* RKSDaysViewController.m */; };
		4127F34F187D77BA009436AE /* RKSDayViewController.m in Sources */ = {isa = PBXBuildFile; fileRef = 4127F34E187D77BA009436AE /* RKSDayViewController.m */; };
		41534642187D5EB50040534D /* RKSCalendarViewController.m in Sources */ = {isa = PBXBuildFile; fileRef = 41534641187D5EB50040534D /* RKSCalendarViewController.m */; };
		41534649187D69190040534D /* Information@2x.png in Resources */ = {isa = PBXBuildFile; fileRef = 41534647187D69190040534D /* Information@2x.png */; };
		4153464D187D69580040534D /* Calendar@2x.png in Resources */ = {isa = PBXBuildFile; fileRef = 4153464B187D69580040534D /* Calendar@2x.png */; };
		41CB6B06187C26C200FA2F3F /* Foundation.framework in Frameworks */ = {isa = PBXBuildFile; fileRef = 41CB6B05187C26C200FA2F3F /* Foundation.framework */; };
		41CB6B08187C26C200FA2F3F /* CoreGraphics.framework in Frameworks */ = {isa = PBXBuildFile; fileRef = 41CB6B07187C26C200FA2F3F /* CoreGraphics.framework */; };
		41CB6B0A187C26C200FA2F3F /* UIKit.framework in Frameworks */ = {isa = PBXBuildFile; fileRef = 41CB6B09187C26C200FA2F3F /* UIKit.framework */; };
		41CB6B10187C26C200FA2F3F /* InfoPlist.strings in Resources */ = {isa = PBXBuildFile; fileRef = 41CB6B0E187C26C200FA2F3F /* InfoPlist.strings */; };
		41CB6B12187C26C200FA2F3F /* main.m in Sources */ = {isa = PBXBuildFile; fileRef = 41CB6B11187C26C200FA2F3F /* main.m */; };
		41CB6B16187C26C200FA2F3F /* RKSAppDelegate.m in Sources */ = {isa = PBXBuildFile; fileRef = 41CB6B15187C26C200FA2F3F /* RKSAppDelegate.m */; };
		41CB6B19187C26C200FA2F3F /* Main.storyboard in Resources */ = {isa = PBXBuildFile; fileRef = 41CB6B17187C26C200FA2F3F /* Main.storyboard */; };
		41CB6B21187C26C200FA2F3F /* Images.xcassets in Resources */ = {isa = PBXBuildFile; fileRef = 41CB6B20187C26C200FA2F3F /* Images.xcassets */; };
		41CB6B28187C26C200FA2F3F /* XCTest.framework in Frameworks */ = {isa = PBXBuildFile; fileRef = 41CB6B27187C26C200FA2F3F /* XCTest.framework */; };
		41CB6B29187C26C200FA2F3F /* Foundation.framework in Frameworks */ = {isa = PBXBuildFile; fileRef = 41CB6B05187C26C200FA2F3F /* Foundation.framework */; };
		41CB6B2A187C26C200FA2F3F /* UIKit.framework in Frameworks */ = {isa = PBXBuildFile; fileRef = 41CB6B09187C26C200FA2F3F /* UIKit.framework */; };
		41CB6B32187C26C300FA2F3F /* InfoPlist.strings in Resources */ = {isa = PBXBuildFile; fileRef = 41CB6B30187C26C300FA2F3F /* InfoPlist.strings */; };
		41CB6B34187C26C300FA2F3F /* CalendarTests.m in Sources */ = {isa = PBXBuildFile; fileRef = 41CB6B33187C26C300FA2F3F /* CalendarTests.m */; };
		41CB6B3E187C26D700FA2F3F /* Feriados.txt in Resources */ = {isa = PBXBuildFile; fileRef = 41CB6B3D187C26D700FA2F3F /* Feriados.txt */; };
/* End PBXBuildFile section */

/* Begin PBXContainerItemProxy section */
		41CB6B2B187C26C200FA2F3F /* PBXContainerItemProxy */ = {
			isa = PBXContainerItemProxy;
			containerPortal = 41CB6AFA187C26C200FA2F3F /* Project object */;
			proxyType = 1;
			remoteGlobalIDString = 41CB6B01187C26C200FA2F3F;
			remoteInfo = Calendar;
		};
/* End PBXContainerItemProxy section */

/* Begin PBXFileReference section */
		4127F34A187D6D50009436AE /* RKSDaysViewController.h */ = {isa = PBXFileReference; fileEncoding = 4; lastKnownFileType = sourcecode.c.h; path = RKSDaysViewController.h; sourceTree = "<group>"; };
		4127F34B187D6D50009436AE /* RKSDaysViewController.m */ = {isa = PBXFileReference; fileEncoding = 4; lastKnownFileType = sourcecode.c.objc; path = RKSDaysViewController.m; sourceTree = "<group>"; };
		4127F34D187D77BA009436AE /* RKSDayViewController.h */ = {isa = PBXFileReference; fileEncoding = 4; lastKnownFileType = sourcecode.c.h; path = RKSDayViewController.h; sourceTree = "<group>"; };
		4127F34E187D77BA009436AE /* RKSDayViewController.m */ = {isa = PBXFileReference; fileEncoding = 4; lastKnownFileType = sourcecode.c.objc; path = RKSDayViewController.m; sourceTree = "<group>"; };
		41534640187D5EB50040534D /* RKSCalendarViewController.h */ = {isa = PBXFileReference; fileEncoding = 4; lastKnownFileType = sourcecode.c.h; path = RKSCalendarViewController.h; sourceTree = "<group>"; };
		41534641187D5EB50040534D /* RKSCalendarViewController.m */ = {isa = PBXFileReference; fileEncoding = 4; lastKnownFileType = sourcecode.c.objc; path = RKSCalendarViewController.m; sourceTree = "<group>"; };
		41534647187D69190040534D /* Information@2x.png */ = {isa = PBXFileReference; lastKnownFileType = image.png; path = "Information@2x.png"; sourceTree = "<group>"; };
		4153464B187D69580040534D /* Calendar@2x.png */ = {isa = PBXFileReference; lastKnownFileType = image.png; path = "Calendar@2x.png"; sourceTree = "<group>"; };
		41CB6B02187C26C200FA2F3F /* Calendar.app */ = {isa = PBXFileReference; explicitFileType = wrapper.application; includeInIndex = 0; path = Calendar.app; sourceTree = BUILT_PRODUCTS_DIR; };
		41CB6B05187C26C200FA2F3F /* Foundation.framework */ = {isa = PBXFileReference; lastKnownFileType = wrapper.framework; name = Foundation.framework; path = System/Library/Frameworks/Foundation.framework; sourceTree = SDKROOT; };
		41CB6B07187C26C200FA2F3F /* CoreGraphics.framework */ = {isa = PBXFileReference; lastKnownFileType = wrapper.framework; name = CoreGraphics.framework; path = System/Library/Frameworks/CoreGraphics.framework; sourceTree = SDKROOT; };
		41CB6B09187C26C200FA2F3F /* UIKit.framework */ = {isa = PBXFileReference; lastKnownFileType = wrapper.framework; name = UIKit.framework; path = System/Library/Frameworks/UIKit.framework; sourceTree = SDKROOT; };
		41CB6B0D187C26C200FA2F3F /* Calendar-Info.plist */ = {isa = PBXFileReference; lastKnownFileType = text.plist.xml; path = "Calendar-Info.plist"; sourceTree = "<group>"; };
		41CB6B0F187C26C200FA2F3F /* en */ = {isa = PBXFileReference; lastKnownFileType = text.plist.strings; name = en; path = en.lproj/InfoPlist.strings; sourceTree = "<group>"; };
		41CB6B11187C26C200FA2F3F /* main.m */ = {isa = PBXFileReference; lastKnownFileType = sourcecode.c.objc; path = main.m; sourceTree = "<group>"; };
		41CB6B13187C26C200FA2F3F /* Calendar-Prefix.pch */ = {isa = PBXFileReference; lastKnownFileType = sourcecode.c.h; path = "Calendar-Prefix.pch"; sourceTree = "<group>"; };
		41CB6B14187C26C200FA2F3F /* RKSAppDelegate.h */ = {isa = PBXFileReference; lastKnownFileType = sourcecode.c.h; path = RKSAppDelegate.h; sourceTree = "<group>"; };
		41CB6B15187C26C200FA2F3F /* RKSAppDelegate.m */ = {isa = PBXFileReference; lastKnownFileType = sourcecode.c.objc; path = RKSAppDelegate.m; sourceTree = "<group>"; };
		41CB6B18187C26C200FA2F3F /* Base */ = {isa = PBXFileReference; lastKnownFileType = file.storyboard; name = Base; path = Base.lproj/Main.storyboard; sourceTree = "<group>"; };
		41CB6B20187C26C200FA2F3F /* Images.xcassets */ = {isa = PBXFileReference; lastKnownFileType = folder.assetcatalog; path = Images.xcassets; sourceTree = "<group>"; };
		41CB6B26187C26C200FA2F3F /* CalendarTests.xctest */ = {isa = PBXFileReference; explicitFileType = wrapper.cfbundle; includeInIndex = 0; path = CalendarTests.xctest; sourceTree = BUILT_PRODUCTS_DIR; };
		41CB6B27187C26C200FA2F3F /* XCTest.framework */ = {isa = PBXFileReference; lastKnownFileType = wrapper.framework; name = XCTest.framework; path = Library/Frameworks/XCTest.framework; sourceTree = DEVELOPER_DIR; };
		41CB6B2F187C26C200FA2F3F /* CalendarTests-Info.plist */ = {isa = PBXFileReference; lastKnownFileType = text.plist.xml; path = "CalendarTests-Info.plist"; sourceTree = "<group>"; };
		41CB6B31187C26C300FA2F3F /* en */ = {isa = PBXFileReference; lastKnownFileType = text.plist.strings; name = en; path = en.lproj/InfoPlist.strings; sourceTree = "<group>"; };
		41CB6B33187C26C300FA2F3F /* CalendarTests.m */ = {isa = PBXFileReference; lastKnownFileType = sourcecode.c.objc; path = CalendarTests.m; sourceTree = "<group>"; };
		41CB6B3D187C26D700FA2F3F /* Feriados.txt */ = {isa = PBXFileReference; fileEncoding = 4; lastKnownFileType = text; path = Feriados.txt; sourceTree = "<group>"; };
/* End PBXFileReference section */

/* Begin PBXFrameworksBuildPhase section */
		41CB6AFF187C26C200FA2F3F /* Frameworks */ = {
			isa = PBXFrameworksBuildPhase;
			buildActionMask = 2147483647;
			files = (
				41CB6B08187C26C200FA2F3F /* CoreGraphics.framework in Frameworks */,
				41CB6B0A187C26C200FA2F3F /* UIKit.framework in Frameworks */,
				41CB6B06187C26C200FA2F3F /* Foundation.framework in Frameworks */,
			);
			runOnlyForDeploymentPostprocessing = 0;
		};
		41CB6B23187C26C200FA2F3F /* Frameworks */ = {
			isa = PBXFrameworksBuildPhase;
			buildActionMask = 2147483647;
			files = (
				41CB6B28187C26C200FA2F3F /* XCTest.framework in Frameworks */,
				41CB6B2A187C26C200FA2F3F /* UIKit.framework in Frameworks */,
				41CB6B29187C26C200FA2F3F /* Foundation.framework in Frameworks */,
			);
			runOnlyForDeploymentPostprocessing = 0;
		};
/* End PBXFrameworksBuildPhase section */

/* Begin PBXGroup section */
		41534643187D5EBB0040534D /* Controllers */ = {
			isa = PBXGroup;
			children = (
				41534640187D5EB50040534D /* RKSCalendarViewController.h */,
				41534641187D5EB50040534D /* RKSCalendarViewController.m */,
				4127F34A187D6D50009436AE /* RKSDaysViewController.h */,
				4127F34B187D6D50009436AE /* RKSDaysViewController.m */,
				4127F34D187D77BA009436AE /* RKSDayViewController.h */,
				4127F34E187D77BA009436AE /* RKSDayViewController.m */,
			);
			name = Controllers;
			sourceTree = "<group>";
		};
		4153464E187D69C10040534D /* Assets */ = {
			isa = PBXGroup;
			children = (
				41534647187D69190040534D /* Information@2x.png */,
				4153464B187D69580040534D /* Calendar@2x.png */,
			);
			name = Assets;
			sourceTree = "<group>";
		};
		41CB6AF9187C26C200FA2F3F = {
			isa = PBXGroup;
			children = (
				41CB6B0B187C26C200FA2F3F /* Calendar */,
				41CB6B2D187C26C200FA2F3F /* CalendarTests */,
				41CB6B04187C26C200FA2F3F /* Frameworks */,
				41CB6B03187C26C200FA2F3F /* Products */,
			);
			sourceTree = "<group>";
		};
		41CB6B03187C26C200FA2F3F /* Products */ = {
			isa = PBXGroup;
			children = (
				41CB6B02187C26C200FA2F3F /* Calendar.app */,
				41CB6B26187C26C200FA2F3F /* CalendarTests.xctest */,
			);
			name = Products;
			sourceTree = "<group>";
		};
		41CB6B04187C26C200FA2F3F /* Frameworks */ = {
			isa = PBXGroup;
			children = (
				41CB6B05187C26C200FA2F3F /* Foundation.framework */,
				41CB6B07187C26C200FA2F3F /* CoreGraphics.framework */,
				41CB6B09187C26C200FA2F3F /* UIKit.framework */,
				41CB6B27187C26C200FA2F3F /* XCTest.framework */,
			);
			name = Frameworks;
			sourceTree = "<group>";
		};
		41CB6B0B187C26C200FA2F3F /* Calendar */ = {
			isa = PBXGroup;
			children = (
				41534643187D5EBB0040534D /* Controllers */,
				41CB6B14187C26C200FA2F3F /* RKSAppDelegate.h */,
				41CB6B15187C26C200FA2F3F /* RKSAppDelegate.m */,
				41CB6B17187C26C200FA2F3F /* Main.storyboard */,
				41CB6B20187C26C200FA2F3F /* Images.xcassets */,
				41CB6B0C187C26C200FA2F3F /* Supporting Files */,
			);
			path = Calendar;
			sourceTree = "<group>";
		};
		41CB6B0C187C26C200FA2F3F /* Supporting Files */ = {
			isa = PBXGroup;
			children = (
				4153464E187D69C10040534D /* Assets */,
				41CB6B3D187C26D700FA2F3F /* Feriados.txt */,
				41CB6B0D187C26C200FA2F3F /* Calendar-Info.plist */,
				41CB6B0E187C26C200FA2F3F /* InfoPlist.strings */,
				41CB6B11187C26C200FA2F3F /* main.m */,
				41CB6B13187C26C200FA2F3F /* Calendar-Prefix.pch */,
			);
			name = "Supporting Files";
			sourceTree = "<group>";
		};
		41CB6B2D187C26C200FA2F3F /* CalendarTests */ = {
			isa = PBXGroup;
			children = (
				41CB6B33187C26C300FA2F3F /* CalendarTests.m */,
				41CB6B2E187C26C200FA2F3F /* Supporting Files */,
			);
			path = CalendarTests;
			sourceTree = "<group>";
		};
		41CB6B2E187C26C200FA2F3F /* Supporting Files */ = {
			isa = PBXGroup;
			children = (
				41CB6B2F187C26C200FA2F3F /* CalendarTests-Info.plist */,
				41CB6B30187C26C300FA2F3F /* InfoPlist.strings */,
			);
			name = "Supporting Files";
			sourceTree = "<group>";
		};
/* End PBXGroup section */

/* Begin PBXNativeTarget section */
		41CB6B01187C26C200FA2F3F /* Calendar */ = {
			isa = PBXNativeTarget;
			buildConfigurationList = 41CB6B37187C26C300FA2F3F /* Build configuration list for PBXNativeTarget "Calendar" */;
			buildPhases = (
				41CB6AFE187C26C200FA2F3F /* Sources */,
				41CB6AFF187C26C200FA2F3F /* Frameworks */,
				41CB6B00187C26C200FA2F3F /* Resources */,
			);
			buildRules = (
			);
			dependencies = (
			);
			name = Calendar;
			productName = Calendar;
			productReference = 41CB6B02187C26C200FA2F3F /* Calendar.app */;
			productType = "com.apple.product-type.application";
		};
		41CB6B25187C26C200FA2F3F /* CalendarTests */ = {
			isa = PBXNativeTarget;
			buildConfigurationList = 41CB6B3A187C26C300FA2F3F /* Build configuration list for PBXNativeTarget "CalendarTests" */;
			buildPhases = (
				41CB6B22187C26C200FA2F3F /* Sources */,
				41CB6B23187C26C200FA2F3F /* Frameworks */,
				41CB6B24187C26C200FA2F3F /* Resources */,
			);
			buildRules = (
			);
			dependencies = (
				41CB6B2C187C26C200FA2F3F /* PBXTargetDependency */,
			);
			name = CalendarTests;
			productName = CalendarTests;
			productReference = 41CB6B26187C26C200FA2F3F /* CalendarTests.xctest */;
			productType = "com.apple.product-type.bundle.unit-test";
		};
/* End PBXNativeTarget section */

/* Begin PBXProject section */
		41CB6AFA187C26C200FA2F3F /* Project object */ = {
			isa = PBXProject;
			attributes = {
				CLASSPREFIX = RKS;
				LastUpgradeCheck = 0510;
				ORGANIZATIONNAME = "Rafael Kellermann Streit";
				TargetAttributes = {
					41CB6B25187C26C200FA2F3F = {
						TestTargetID = 41CB6B01187C26C200FA2F3F;
					};
				};
			};
			buildConfigurationList = 41CB6AFD187C26C200FA2F3F /* Build configuration list for PBXProject "Calendar" */;
			compatibilityVersion = "Xcode 3.2";
			developmentRegion = English;
			hasScannedForEncodings = 0;
			knownRegions = (
				en,
				Base,
			);
			mainGroup = 41CB6AF9187C26C200FA2F3F;
			productRefGroup = 41CB6B03187C26C200FA2F3F /* Products */;
			projectDirPath = "";
			projectRoot = "";
			targets = (
				41CB6B01187C26C200FA2F3F /* Calendar */,
				41CB6B25187C26C200FA2F3F /* CalendarTests */,
			);
		};
/* End PBXProject section */

/* Begin PBXResourcesBuildPhase section */
		41CB6B00187C26C200FA2F3F /* Resources */ = {
			isa = PBXResourcesBuildPhase;
			buildActionMask = 2147483647;
			files = (
				41CB6B21187C26C200FA2F3F /* Images.xcassets in Resources */,
				41534649187D69190040534D /* Information@2x.png in Resources */,
				4153464D187D69580040534D /* Calendar@2x.png in Resources */,
				41CB6B10187C26C200FA2F3F /* InfoPlist.strings in Resources */,
				41CB6B3E187C26D700FA2F3F /* Feriados.txt in Resources */,
				41CB6B19187C26C200FA2F3F /* Main.storyboard in Resources */,
			);
			runOnlyForDeploymentPostprocessing = 0;
		};
		41CB6B24187C26C200FA2F3F /* Resources */ = {
			isa = PBXResourcesBuildPhase;
			buildActionMask = 2147483647;
			files = (
				41CB6B32187C26C300FA2F3F /* InfoPlist.strings in Resources */,
			);
			runOnlyForDeploymentPostprocessing = 0;
		};
/* End PBXResourcesBuildPhase section */

/* Begin PBXSourcesBuildPhase section */
		41CB6AFE187C26C200FA2F3F /* Sources */ = {
			isa = PBXSourcesBuildPhase;
			buildActionMask = 2147483647;
			files = (
				41CB6B12187C26C200FA2F3F /* main.m in Sources */,
				41CB6B16187C26C200FA2F3F /* RKSAppDelegate.m in Sources */,
				4127F34C187D6D50009436AE /* RKSDaysViewController.m in Sources */,
				4127F34F187D77BA009436AE /* RKSDayViewController.m in Sources */,
				41534642187D5EB50040534D /* RKSCalendarViewController.m in Sources */,
			);
			runOnlyForDeploymentPostprocessing = 0;
		};
		41CB6B22187C26C200FA2F3F /* Sources */ = {
			isa = PBXSourcesBuildPhase;
			buildActionMask = 2147483647;
			files = (
				41CB6B34187C26C300FA2F3F /* CalendarTests.m in Sources */,
			);
			runOnlyForDeploymentPostprocessing = 0;
		};
/* End PBXSourcesBuildPhase section */

/* Begin PBXTargetDependency section */
		41CB6B2C187C26C200FA2F3F /* PBXTargetDependency */ = {
			isa = PBXTargetDependency;
			target = 41CB6B01187C26C200FA2F3F /* Calendar */;
			targetProxy = 41CB6B2B187C26C200FA2F3F /* PBXContainerItemProxy */;
		};
/* End PBXTargetDependency section */

/* Begin PBXVariantGroup section */
		41CB6B0E187C26C200FA2F3F /* InfoPlist.strings */ = {
			isa = PBXVariantGroup;
			children = (
				41CB6B0F187C26C200FA2F3F /* en */,
			);
			name = InfoPlist.strings;
			sourceTree = "<group>";
		};
		41CB6B17187C26C200FA2F3F /* Main.storyboard */ = {
			isa = PBXVariantGroup;
			children = (
				41CB6B18187C26C200FA2F3F /* Base */,
			);
			name = Main.storyboard;
			sourceTree = "<group>";
		};
		41CB6B30187C26C300FA2F3F /* InfoPlist.strings */ = {
			isa = PBXVariantGroup;
			children = (
				41CB6B31187C26C300FA2F3F /* en */,
			);
			name = InfoPlist.strings;
			sourceTree = "<group>";
		};
/* End PBXVariantGroup section */

/* Begin XCBuildConfiguration section */
		41CB6B35187C26C300FA2F3F /* Debug */ = {
			isa = XCBuildConfiguration;
			buildSettings = {
				ALWAYS_SEARCH_USER_PATHS = NO;
				ARCHS = "$(ARCHS_STANDARD_INCLUDING_64_BIT)";
				CLANG_CXX_LANGUAGE_STANDARD = "gnu++0x";
				CLANG_CXX_LIBRARY = "libc++";
				CLANG_ENABLE_MODULES = YES;
				CLANG_ENABLE_OBJC_ARC = YES;
				CLANG_WARN_BOOL_CONVERSION = YES;
				CLANG_WARN_CONSTANT_CONVERSION = YES;
				CLANG_WARN_DIRECT_OBJC_ISA_USAGE = YES_ERROR;
				CLANG_WARN_EMPTY_BODY = YES;
				CLANG_WARN_ENUM_CONVERSION = YES;
				CLANG_WARN_INT_CONVERSION = YES;
				CLANG_WARN_OBJC_ROOT_CLASS = YES_ERROR;
				CLANG_WARN__DUPLICATE_METHOD_MATCH = YES;
				"CODE_SIGN_IDENTITY[sdk=iphoneos*]" = "iPhone Developer";
				COPY_PHASE_STRIP = NO;
				GCC_C_LANGUAGE_STANDARD = gnu99;
				GCC_DYNAMIC_NO_PIC = NO;
				GCC_OPTIMIZATION_LEVEL = 0;
				GCC_PREPROCESSOR_DEFINITIONS = (
					"DEBUG=1",
					"$(inherited)",
				);
				GCC_SYMBOLS_PRIVATE_EXTERN = NO;
				GCC_WARN_64_TO_32_BIT_CONVERSION = YES;
				GCC_WARN_ABOUT_RETURN_TYPE = YES_ERROR;
				GCC_WARN_UNDECLARED_SELECTOR = YES;
				GCC_WARN_UNINITIALIZED_AUTOS = YES_AGGRESSIVE;
				GCC_WARN_UNUSED_FUNCTION = YES;
				GCC_WARN_UNUSED_VARIABLE = YES;
				IPHONEOS_DEPLOYMENT_TARGET = 7.1;
				ONLY_ACTIVE_ARCH = YES;
				SDKROOT = iphoneos;
			};
			name = Debug;
		};
		41CB6B36187C26C300FA2F3F /* Release */ = {
			isa = XCBuildConfiguration;
			buildSettings = {
				ALWAYS_SEARCH_USER_PATHS = NO;
				ARCHS = "$(ARCHS_STANDARD_INCLUDING_64_BIT)";
				CLANG_CXX_LANGUAGE_STANDARD = "gnu++0x";
				CLANG_CXX_LIBRARY = "libc++";
				CLANG_ENABLE_MODULES = YES;
				CLANG_ENABLE_OBJC_ARC = YES;
				CLANG_WARN_BOOL_CONVERSION = YES;
				CLANG_WARN_CONSTANT_CONVERSION = YES;
				CLANG_WARN_DIRECT_OBJC_ISA_USAGE = YES_ERROR;
				CLANG_WARN_EMPTY_BODY = YES;
				CLANG_WARN_ENUM_CONVERSION = YES;
				CLANG_WARN_INT_CONVERSION = YES;
				CLANG_WARN_OBJC_ROOT_CLASS = YES_ERROR;
				CLANG_WARN__DUPLICATE_METHOD_MATCH = YES;
				"CODE_SIGN_IDENTITY[sdk=iphoneos*]" = "iPhone Developer";
				COPY_PHASE_STRIP = YES;
				ENABLE_NS_ASSERTIONS = NO;
				GCC_C_LANGUAGE_STANDARD = gnu99;
				GCC_WARN_64_TO_32_BIT_CONVERSION = YES;
				GCC_WARN_ABOUT_RETURN_TYPE = YES_ERROR;
				GCC_WARN_UNDECLARED_SELECTOR = YES;
				GCC_WARN_UNINITIALIZED_AUTOS = YES_AGGRESSIVE;
				GCC_WARN_UNUSED_FUNCTION = YES;
				GCC_WARN_UNUSED_VARIABLE = YES;
				IPHONEOS_DEPLOYMENT_TARGET = 7.1;
				SDKROOT = iphoneos;
				VALIDATE_PRODUCT = YES;
			};
			name = Release;
		};
		41CB6B38187C26C300FA2F3F /* Debug */ = {
			isa = XCBuildConfiguration;
			buildSettings = {
				ASSETCATALOG_COMPILER_APPICON_NAME = AppIcon;
				ASSETCATALOG_COMPILER_LAUNCHIMAGE_NAME = LaunchImage;
				GCC_PRECOMPILE_PREFIX_HEADER = YES;
				GCC_PREFIX_HEADER = "Calendar/Calendar-Prefix.pch";
				INFOPLIST_FILE = "Calendar/Calendar-Info.plist";
				PRODUCT_NAME = "$(TARGET_NAME)";
				WRAPPER_EXTENSION = app;
			};
			name = Debug;
		};
		41CB6B39187C26C300FA2F3F /* Release */ = {
			isa = XCBuildConfiguration;
			buildSettings = {
				ASSETCATALOG_COMPILER_APPICON_NAME = AppIcon;
				ASSETCATALOG_COMPILER_LAUNCHIMAGE_NAME = LaunchImage;
				GCC_PRECOMPILE_PREFIX_HEADER = YES;
				GCC_PREFIX_HEADER = "Calendar/Calendar-Prefix.pch";
				INFOPLIST_FILE = "Calendar/Calendar-Info.plist";
				PRODUCT_NAME = "$(TARGET_NAME)";
				WRAPPER_EXTENSION = app;
			};
			name = Release;
		};
		41CB6B3B187C26C300FA2F3F /* Debug */ = {
			isa = XCBuildConfiguration;
			buildSettings = {
				ARCHS = "$(ARCHS_STANDARD_INCLUDING_64_BIT)";
				BUNDLE_LOADER = "$(BUILT_PRODUCTS_DIR)/Calendar.app/Calendar";
				FRAMEWORK_SEARCH_PATHS = (
					"$(SDKROOT)/Developer/Library/Frameworks",
					"$(inherited)",
					"$(DEVELOPER_FRAMEWORKS_DIR)",
				);
				GCC_PRECOMPILE_PREFIX_HEADER = YES;
				GCC_PREFIX_HEADER = "Calendar/Calendar-Prefix.pch";
				GCC_PREPROCESSOR_DEFINITIONS = (
					"DEBUG=1",
					"$(inherited)",
				);
				INFOPLIST_FILE = "CalendarTests/CalendarTests-Info.plist";
				PRODUCT_NAME = "$(TARGET_NAME)";
				TEST_HOST = "$(BUNDLE_LOADER)";
				WRAPPER_EXTENSION = xctest;
			};
			name = Debug;
		};
		41CB6B3C187C26C300FA2F3F /* Release */ = {
			isa = XCBuildConfiguration;
			buildSettings = {
				ARCHS = "$(ARCHS_STANDARD_INCLUDING_64_BIT)";
				BUNDLE_LOADER = "$(BUILT_PRODUCTS_DIR)/Calendar.app/Calendar";
				FRAMEWORK_SEARCH_PATHS = (
					"$(SDKROOT)/Developer/Library/Frameworks",
					"$(inherited)",
					"$(DEVELOPER_FRAMEWORKS_DIR)",
				);
				GCC_PRECOMPILE_PREFIX_HEADER = YES;
				GCC_PREFIX_HEADER = "Calendar/Calendar-Prefix.pch";
				INFOPLIST_FILE = "CalendarTests/CalendarTests-Info.plist";
				PRODUCT_NAME = "$(TARGET_NAME)";
				TEST_HOST = "$(BUNDLE_LOADER)";
				WRAPPER_EXTENSION = xctest;
			};
			name = Release;
		};
/* End XCBuildConfiguration section */

/* Begin XCConfigurationList section */
		41CB6AFD187C26C200FA2F3F /* Build configuration list for PBXProject "Calendar" */ = {
			isa = XCConfigurationList;
			buildConfigurations = (
				41CB6B35187C26C300FA2F3F /* Debug */,
				41CB6B36187C26C300FA2F3F /* Release */,
			);
			defaultConfigurationIsVisible = 0;
			defaultConfigurationName = Release;
		};
		41CB6B37187C26C300FA2F3F /* Build configuration list for PBXNativeTarget "Calendar" */ = {
			isa = XCConfigurationList;
			buildConfigurations = (
				41CB6B38187C26C300FA2F3F /* Debug */,
				41CB6B39187C26C300FA2F3F /* Release */,
			);
			defaultConfigurationIsVisible = 0;
			defaultConfigurationName = Release;
		};
		41CB6B3A187C26C300FA2F3F /* Build configuration list for PBXNativeTarget "CalendarTests" */ = {
			isa = XCConfigurationList;
			buildConfigurations = (
				41CB6B3B187C26C300FA2F3F /* Debug */,
				41CB6B3C187C26C300FA2F3F /* Release */,
			);
			defaultConfigurationIsVisible = 0;
			defaultConfigurationName = Release;
		};
/* End XCConfigurationList section */
	};
	rootObject = 41CB6AFA187C26C200FA2F3F /* Project object */;
}
