// !$*UTF8*$!
{
	archiveVersion = 1;
	classes = {
	};
	objectVersion = 46;
	objects = {

/* Begin PBXBuildFile section */
		41B150F2195C5D560032B84C /* Main.storyboard in Resources */ = {isa = PBXBuildFile; fileRef = 41B150F1195C5D560032B84C /* Main.storyboard */; };
		41B150F5195C5DC00032B84C /* RKSMainViewController.m in Sources */ = {isa = PBXBuildFile; fileRef = 41B150F4195C5DC00032B84C /* RKSMainViewController.m */; };
		41E6F670195C5D0B0099209F /* Foundation.framework in Frameworks */ = {isa = PBXBuildFile; fileRef = 41E6F66F195C5D0B0099209F /* Foundation.framework */; };
		41E6F672195C5D0B0099209F /* CoreGraphics.framework in Frameworks */ = {isa = PBXBuildFile; fileRef = 41E6F671195C5D0B0099209F /* CoreGraphics.framework */; };
		41E6F674195C5D0B0099209F /* UIKit.framework in Frameworks */ = {isa = PBXBuildFile; fileRef = 41E6F673195C5D0B0099209F /* UIKit.framework */; };
		41E6F67A195C5D0B0099209F /* InfoPlist.strings in Resources */ = {isa = PBXBuildFile; fileRef = 41E6F678195C5D0B0099209F /* InfoPlist.strings */; };
		41E6F67C195C5D0B0099209F /* main.m in Sources */ = {isa = PBXBuildFile; fileRef = 41E6F67B195C5D0B0099209F /* main.m */; };
		41E6F680195C5D0B0099209F /* RKSAppDelegate.m in Sources */ = {isa = PBXBuildFile; fileRef = 41E6F67F195C5D0B0099209F /* RKSAppDelegate.m */; };
		41E6F682195C5D0B0099209F /* Images.xcassets in Resources */ = {isa = PBXBuildFile; fileRef = 41E6F681195C5D0B0099209F /* Images.xcassets */; };
		41E6F689195C5D0B0099209F /* XCTest.framework in Frameworks */ = {isa = PBXBuildFile; fileRef = 41E6F688195C5D0B0099209F /* XCTest.framework */; };
		41E6F68A195C5D0B0099209F /* Foundation.framework in Frameworks */ = {isa = PBXBuildFile; fileRef = 41E6F66F195C5D0B0099209F /* Foundation.framework */; };
		41E6F68B195C5D0B0099209F /* UIKit.framework in Frameworks */ = {isa = PBXBuildFile; fileRef = 41E6F673195C5D0B0099209F /* UIKit.framework */; };
		41E6F693195C5D0B0099209F /* InfoPlist.strings in Resources */ = {isa = PBXBuildFile; fileRef = 41E6F691195C5D0B0099209F /* InfoPlist.strings */; };
		41E6F695195C5D0B0099209F /* iBeaconTests.m in Sources */ = {isa = PBXBuildFile; fileRef = 41E6F694195C5D0B0099209F /* iBeaconTests.m */; };
/* End PBXBuildFile section */

/* Begin PBXContainerItemProxy section */
		41E6F68C195C5D0B0099209F /* PBXContainerItemProxy */ = {
			isa = PBXContainerItemProxy;
			containerPortal = 41E6F664195C5D0B0099209F /* Project object */;
			proxyType = 1;
			remoteGlobalIDString = 41E6F66B195C5D0B0099209F;
			remoteInfo = iBeacon;
		};
/* End PBXContainerItemProxy section */

/* Begin PBXFileReference section */
		41B150F1195C5D560032B84C /* Main.storyboard */ = {isa = PBXFileReference; fileEncoding = 4; lastKnownFileType = file.storyboard; path = Main.storyboard; sourceTree = "<group>"; };
		41B150F3195C5DC00032B84C /* RKSMainViewController.h */ = {isa = PBXFileReference; fileEncoding = 4; lastKnownFileType = sourcecode.c.h; path = RKSMainViewController.h; sourceTree = "<group>"; };
		41B150F4195C5DC00032B84C /* RKSMainViewController.m */ = {isa = PBXFileReference; fileEncoding = 4; lastKnownFileType = sourcecode.c.objc; path = RKSMainViewController.m; sourceTree = "<group>"; };
		41E6F66C195C5D0B0099209F /* iBeacon.app */ = {isa = PBXFileReference; explicitFileType = wrapper.application; includeInIndex = 0; path = iBeacon.app; sourceTree = BUILT_PRODUCTS_DIR; };
		41E6F66F195C5D0B0099209F /* Foundation.framework */ = {isa = PBXFileReference; lastKnownFileType = wrapper.framework; name = Foundation.framework; path = System/Library/Frameworks/Foundation.framework; sourceTree = SDKROOT; };
		41E6F671195C5D0B0099209F /* CoreGraphics.framework */ = {isa = PBXFileReference; lastKnownFileType = wrapper.framework; name = CoreGraphics.framework; path = System/Library/Frameworks/CoreGraphics.framework; sourceTree = SDKROOT; };
		41E6F673195C5D0B0099209F /* UIKit.framework */ = {isa = PBXFileReference; lastKnownFileType = wrapper.framework; name = UIKit.framework; path = System/Library/Frameworks/UIKit.framework; sourceTree = SDKROOT; };
		41E6F677195C5D0B0099209F /* iBeacon-Info.plist */ = {isa = PBXFileReference; lastKnownFileType = text.plist.xml; path = "iBeacon-Info.plist"; sourceTree = "<group>"; };
		41E6F679195C5D0B0099209F /* en */ = {isa = PBXFileReference; lastKnownFileType = text.plist.strings; name = en; path = en.lproj/InfoPlist.strings; sourceTree = "<group>"; };
		41E6F67B195C5D0B0099209F /* main.m */ = {isa = PBXFileReference; lastKnownFileType = sourcecode.c.objc; path = main.m; sourceTree = "<group>"; };
		41E6F67D195C5D0B0099209F /* iBeacon-Prefix.pch */ = {isa = PBXFileReference; lastKnownFileType = sourcecode.c.h; path = "iBeacon-Prefix.pch"; sourceTree = "<group>"; };
		41E6F67E195C5D0B0099209F /* RKSAppDelegate.h */ = {isa = PBXFileReference; lastKnownFileType = sourcecode.c.h; path = RKSAppDelegate.h; sourceTree = "<group>"; };
		41E6F67F195C5D0B0099209F /* RKSAppDelegate.m */ = {isa = PBXFileReference; lastKnownFileType = sourcecode.c.objc; path = RKSAppDelegate.m; sourceTree = "<group>"; };
		41E6F681195C5D0B0099209F /* Images.xcassets */ = {isa = PBXFileReference; lastKnownFileType = folder.assetcatalog; path = Images.xcassets; sourceTree = "<group>"; };
		41E6F687195C5D0B0099209F /* iBeaconTests.xctest */ = {isa = PBXFileReference; explicitFileType = wrapper.cfbundle; includeInIndex = 0; path = iBeaconTests.xctest; sourceTree = BUILT_PRODUCTS_DIR; };
		41E6F688195C5D0B0099209F /* XCTest.framework */ = {isa = PBXFileReference; lastKnownFileType = wrapper.framework; name = XCTest.framework; path = Library/Frameworks/XCTest.framework; sourceTree = DEVELOPER_DIR; };
		41E6F690195C5D0B0099209F /* iBeaconTests-Info.plist */ = {isa = PBXFileReference; lastKnownFileType = text.plist.xml; path = "iBeaconTests-Info.plist"; sourceTree = "<group>"; };
		41E6F692195C5D0B0099209F /* en */ = {isa = PBXFileReference; lastKnownFileType = text.plist.strings; name = en; path = en.lproj/InfoPlist.strings; sourceTree = "<group>"; };
		41E6F694195C5D0B0099209F /* iBeaconTests.m */ = {isa = PBXFileReference; lastKnownFileType = sourcecode.c.objc; path = iBeaconTests.m; sourceTree = "<group>"; };
/* End PBXFileReference section */

/* Begin PBXFrameworksBuildPhase section */
		41E6F669195C5D0B0099209F /* Frameworks */ = {
			isa = PBXFrameworksBuildPhase;
			buildActionMask = 2147483647;
			files = (
				41E6F672195C5D0B0099209F /* CoreGraphics.framework in Frameworks */,
				41E6F674195C5D0B0099209F /* UIKit.framework in Frameworks */,
				41E6F670195C5D0B0099209F /* Foundation.framework in Frameworks */,
			);
			runOnlyForDeploymentPostprocessing = 0;
		};
		41E6F684195C5D0B0099209F /* Frameworks */ = {
			isa = PBXFrameworksBuildPhase;
			buildActionMask = 2147483647;
			files = (
				41E6F689195C5D0B0099209F /* XCTest.framework in Frameworks */,
				41E6F68B195C5D0B0099209F /* UIKit.framework in Frameworks */,
				41E6F68A195C5D0B0099209F /* Foundation.framework in Frameworks */,
			);
			runOnlyForDeploymentPostprocessing = 0;
		};
/* End PBXFrameworksBuildPhase section */

/* Begin PBXGroup section */
		41E6F663195C5D0B0099209F = {
			isa = PBXGroup;
			children = (
				41E6F675195C5D0B0099209F /* iBeacon */,
				41E6F68E195C5D0B0099209F /* iBeaconTests */,
				41E6F66E195C5D0B0099209F /* Frameworks */,
				41E6F66D195C5D0B0099209F /* Products */,
			);
			sourceTree = "<group>";
		};
		41E6F66D195C5D0B0099209F /* Products */ = {
			isa = PBXGroup;
			children = (
				41E6F66C195C5D0B0099209F /* iBeacon.app */,
				41E6F687195C5D0B0099209F /* iBeaconTests.xctest */,
			);
			name = Products;
			sourceTree = "<group>";
		};
		41E6F66E195C5D0B0099209F /* Frameworks */ = {
			isa = PBXGroup;
			children = (
				41E6F66F195C5D0B0099209F /* Foundation.framework */,
				41E6F671195C5D0B0099209F /* CoreGraphics.framework */,
				41E6F673195C5D0B0099209F /* UIKit.framework */,
				41E6F688195C5D0B0099209F /* XCTest.framework */,
			);
			name = Frameworks;
			sourceTree = "<group>";
		};
		41E6F675195C5D0B0099209F /* iBeacon */ = {
			isa = PBXGroup;
			children = (
				41E6F67E195C5D0B0099209F /* RKSAppDelegate.h */,
				41E6F67F195C5D0B0099209F /* RKSAppDelegate.m */,
				41B150F3195C5DC00032B84C /* RKSMainViewController.h */,
				41B150F4195C5DC00032B84C /* RKSMainViewController.m */,
				41B150F1195C5D560032B84C /* Main.storyboard */,
				41E6F681195C5D0B0099209F /* Images.xcassets */,
				41E6F676195C5D0B0099209F /* Supporting Files */,
			);
			path = iBeacon;
			sourceTree = "<group>";
		};
		41E6F676195C5D0B0099209F /* Supporting Files */ = {
			isa = PBXGroup;
			children = (
				41E6F677195C5D0B0099209F /* iBeacon-Info.plist */,
				41E6F678195C5D0B0099209F /* InfoPlist.strings */,
				41E6F67B195C5D0B0099209F /* main.m */,
				41E6F67D195C5D0B0099209F /* iBeacon-Prefix.pch */,
			);
			name = "Supporting Files";
			sourceTree = "<group>";
		};
		41E6F68E195C5D0B0099209F /* iBeaconTests */ = {
			isa = PBXGroup;
			children = (
				41E6F694195C5D0B0099209F /* iBeaconTests.m */,
				41E6F68F195C5D0B0099209F /* Supporting Files */,
			);
			path = iBeaconTests;
			sourceTree = "<group>";
		};
		41E6F68F195C5D0B0099209F /* Supporting Files */ = {
			isa = PBXGroup;
			children = (
				41E6F690195C5D0B0099209F /* iBeaconTests-Info.plist */,
				41E6F691195C5D0B0099209F /* InfoPlist.strings */,
			);
			name = "Supporting Files";
			sourceTree = "<group>";
		};
/* End PBXGroup section */

/* Begin PBXNativeTarget section */
		41E6F66B195C5D0B0099209F /* iBeacon */ = {
			isa = PBXNativeTarget;
			buildConfigurationList = 41E6F698195C5D0B0099209F /* Build configuration list for PBXNativeTarget "iBeacon" */;
			buildPhases = (
				41E6F668195C5D0B0099209F /* Sources */,
				41E6F669195C5D0B0099209F /* Frameworks */,
				41E6F66A195C5D0B0099209F /* Resources */,
			);
			buildRules = (
			);
			dependencies = (
			);
			name = iBeacon;
			productName = iBeacon;
			productReference = 41E6F66C195C5D0B0099209F /* iBeacon.app */;
			productType = "com.apple.product-type.application";
		};
		41E6F686195C5D0B0099209F /* iBeaconTests */ = {
			isa = PBXNativeTarget;
			buildConfigurationList = 41E6F69B195C5D0B0099209F /* Build configuration list for PBXNativeTarget "iBeaconTests" */;
			buildPhases = (
				41E6F683195C5D0B0099209F /* Sources */,
				41E6F684195C5D0B0099209F /* Frameworks */,
				41E6F685195C5D0B0099209F /* Resources */,
			);
			buildRules = (
			);
			dependencies = (
				41E6F68D195C5D0B0099209F /* PBXTargetDependency */,
			);
			name = iBeaconTests;
			productName = iBeaconTests;
			productReference = 41E6F687195C5D0B0099209F /* iBeaconTests.xctest */;
			productType = "com.apple.product-type.bundle.unit-test";
		};
/* End PBXNativeTarget section */

/* Begin PBXProject section */
		41E6F664195C5D0B0099209F /* Project object */ = {
			isa = PBXProject;
			attributes = {
				CLASSPREFIX = RKS;
				LastUpgradeCheck = 0510;
				ORGANIZATIONNAME = rafaelks;
				TargetAttributes = {
					41E6F686195C5D0B0099209F = {
						TestTargetID = 41E6F66B195C5D0B0099209F;
					};
				};
			};
			buildConfigurationList = 41E6F667195C5D0B0099209F /* Build configuration list for PBXProject "iBeacon" */;
			compatibilityVersion = "Xcode 3.2";
			developmentRegion = English;
			hasScannedForEncodings = 0;
			knownRegions = (
				en,
			);
			mainGroup = 41E6F663195C5D0B0099209F;
			productRefGroup = 41E6F66D195C5D0B0099209F /* Products */;
			projectDirPath = "";
			projectRoot = "";
			targets = (
				41E6F66B195C5D0B0099209F /* iBeacon */,
				41E6F686195C5D0B0099209F /* iBeaconTests */,
			);
		};
/* End PBXProject section */

/* Begin PBXResourcesBuildPhase section */
		41E6F66A195C5D0B0099209F /* Resources */ = {
			isa = PBXResourcesBuildPhase;
			buildActionMask = 2147483647;
			files = (
				41B150F2195C5D560032B84C /* Main.storyboard in Resources */,
				41E6F67A195C5D0B0099209F /* InfoPlist.strings in Resources */,
				41E6F682195C5D0B0099209F /* Images.xcassets in Resources */,
			);
			runOnlyForDeploymentPostprocessing = 0;
		};
		41E6F685195C5D0B0099209F /* Resources */ = {
			isa = PBXResourcesBuildPhase;
			buildActionMask = 2147483647;
			files = (
				41E6F693195C5D0B0099209F /* InfoPlist.strings in Resources */,
			);
			runOnlyForDeploymentPostprocessing = 0;
		};
/* End PBXResourcesBuildPhase section */

/* Begin PBXSourcesBuildPhase section */
		41E6F668195C5D0B0099209F /* Sources */ = {
			isa = PBXSourcesBuildPhase;
			buildActionMask = 2147483647;
			files = (
				41B150F5195C5DC00032B84C /* RKSMainViewController.m in Sources */,
				41E6F67C195C5D0B0099209F /* main.m in Sources */,
				41E6F680195C5D0B0099209F /* RKSAppDelegate.m in Sources */,
			);
			runOnlyForDeploymentPostprocessing = 0;
		};
		41E6F683195C5D0B0099209F /* Sources */ = {
			isa = PBXSourcesBuildPhase;
			buildActionMask = 2147483647;
			files = (
				41E6F695195C5D0B0099209F /* iBeaconTests.m in Sources */,
			);
			runOnlyForDeploymentPostprocessing = 0;
		};
/* End PBXSourcesBuildPhase section */

/* Begin PBXTargetDependency section */
		41E6F68D195C5D0B0099209F /* PBXTargetDependency */ = {
			isa = PBXTargetDependency;
			target = 41E6F66B195C5D0B0099209F /* iBeacon */;
			targetProxy = 41E6F68C195C5D0B0099209F /* PBXContainerItemProxy */;
		};
/* End PBXTargetDependency section */

/* Begin PBXVariantGroup section */
		41E6F678195C5D0B0099209F /* InfoPlist.strings */ = {
			isa = PBXVariantGroup;
			children = (
				41E6F679195C5D0B0099209F /* en */,
			);
			name = InfoPlist.strings;
			sourceTree = "<group>";
		};
		41E6F691195C5D0B0099209F /* InfoPlist.strings */ = {
			isa = PBXVariantGroup;
			children = (
				41E6F692195C5D0B0099209F /* en */,
			);
			name = InfoPlist.strings;
			sourceTree = "<group>";
		};
/* End PBXVariantGroup section */

/* Begin XCBuildConfiguration section */
		41E6F696195C5D0B0099209F /* Debug */ = {
			isa = XCBuildConfiguration;
			buildSettings = {
				ALWAYS_SEARCH_USER_PATHS = NO;
				CLANG_CXX_LANGUAGE_STANDARD = "gnu++0x";
				CLANG_CXX_LIBRARY = "libc++";
				CLANG_ENABLE_MODULES = YES;
				CLANG_ENABLE_OBJC_ARC = YES;
				CLANG_WARN_BOOL_CONVERSION = YES;
				CLANG_WARN_CONSTANT_CONVERSION = YES;
				CLANG_WARN_DIRECT_OBJC_ISA_USAGE = YES_ERROR;
				CLANG_WARN_EMPTY_BODY = YES;
				CLANG_WARN_ENUM_CONVERSION = YES;
				CLANG_WARN_INT_CONVERSION = YES;
				CLANG_WARN_OBJC_ROOT_CLASS = YES_ERROR;
				CLANG_WARN__DUPLICATE_METHOD_MATCH = YES;
				"CODE_SIGN_IDENTITY[sdk=iphoneos*]" = "iPhone Developer";
				COPY_PHASE_STRIP = NO;
				GCC_C_LANGUAGE_STANDARD = gnu99;
				GCC_DYNAMIC_NO_PIC = NO;
				GCC_OPTIMIZATION_LEVEL = 0;
				GCC_PREPROCESSOR_DEFINITIONS = (
					"DEBUG=1",
					"$(inherited)",
				);
				GCC_SYMBOLS_PRIVATE_EXTERN = NO;
				GCC_WARN_64_TO_32_BIT_CONVERSION = YES;
				GCC_WARN_ABOUT_RETURN_TYPE = YES_ERROR;
				GCC_WARN_UNDECLARED_SELECTOR = YES;
				GCC_WARN_UNINITIALIZED_AUTOS = YES_AGGRESSIVE;
				GCC_WARN_UNUSED_FUNCTION = YES;
				GCC_WARN_UNUSED_VARIABLE = YES;
				IPHONEOS_DEPLOYMENT_TARGET = 7.1;
				ONLY_ACTIVE_ARCH = YES;
				SDKROOT = iphoneos;
				TARGETED_DEVICE_FAMILY = "1,2";
			};
			name = Debug;
		};
		41E6F697195C5D0B0099209F /* Release */ = {
			isa = XCBuildConfiguration;
			buildSettings = {
				ALWAYS_SEARCH_USER_PATHS = NO;
				CLANG_CXX_LANGUAGE_STANDARD = "gnu++0x";
				CLANG_CXX_LIBRARY = "libc++";
				CLANG_ENABLE_MODULES = YES;
				CLANG_ENABLE_OBJC_ARC = YES;
				CLANG_WARN_BOOL_CONVERSION = YES;
				CLANG_WARN_CONSTANT_CONVERSION = YES;
				CLANG_WARN_DIRECT_OBJC_ISA_USAGE = YES_ERROR;
				CLANG_WARN_EMPTY_BODY = YES;
				CLANG_WARN_ENUM_CONVERSION = YES;
				CLANG_WARN_INT_CONVERSION = YES;
				CLANG_WARN_OBJC_ROOT_CLASS = YES_ERROR;
				CLANG_WARN__DUPLICATE_METHOD_MATCH = YES;
				"CODE_SIGN_IDENTITY[sdk=iphoneos*]" = "iPhone Developer";
				COPY_PHASE_STRIP = YES;
				ENABLE_NS_ASSERTIONS = NO;
				GCC_C_LANGUAGE_STANDARD = gnu99;
				GCC_WARN_64_TO_32_BIT_CONVERSION = YES;
				GCC_WARN_ABOUT_RETURN_TYPE = YES_ERROR;
				GCC_WARN_UNDECLARED_SELECTOR = YES;
				GCC_WARN_UNINITIALIZED_AUTOS = YES_AGGRESSIVE;
				GCC_WARN_UNUSED_FUNCTION = YES;
				GCC_WARN_UNUSED_VARIABLE = YES;
				IPHONEOS_DEPLOYMENT_TARGET = 7.1;
				SDKROOT = iphoneos;
				TARGETED_DEVICE_FAMILY = "1,2";
				VALIDATE_PRODUCT = YES;
			};
			name = Release;
		};
		41E6F699195C5D0B0099209F /* Debug */ = {
			isa = XCBuildConfiguration;
			buildSettings = {
				ASSETCATALOG_COMPILER_APPICON_NAME = AppIcon;
				ASSETCATALOG_COMPILER_LAUNCHIMAGE_NAME = LaunchImage;
				GCC_PRECOMPILE_PREFIX_HEADER = YES;
				GCC_PREFIX_HEADER = "iBeacon/iBeacon-Prefix.pch";
				INFOPLIST_FILE = "iBeacon/iBeacon-Info.plist";
				PRODUCT_NAME = "$(TARGET_NAME)";
				WRAPPER_EXTENSION = app;
			};
			name = Debug;
		};
		41E6F69A195C5D0B0099209F /* Release */ = {
			isa = XCBuildConfiguration;
			buildSettings = {
				ASSETCATALOG_COMPILER_APPICON_NAME = AppIcon;
				ASSETCATALOG_COMPILER_LAUNCHIMAGE_NAME = LaunchImage;
				GCC_PRECOMPILE_PREFIX_HEADER = YES;
				GCC_PREFIX_HEADER = "iBeacon/iBeacon-Prefix.pch";
				INFOPLIST_FILE = "iBeacon/iBeacon-Info.plist";
				PRODUCT_NAME = "$(TARGET_NAME)";
				WRAPPER_EXTENSION = app;
			};
			name = Release;
		};
		41E6F69C195C5D0B0099209F /* Debug */ = {
			isa = XCBuildConfiguration;
			buildSettings = {
				BUNDLE_LOADER = "$(BUILT_PRODUCTS_DIR)/iBeacon.app/iBeacon";
				FRAMEWORK_SEARCH_PATHS = (
					"$(SDKROOT)/Developer/Library/Frameworks",
					"$(inherited)",
					"$(DEVELOPER_FRAMEWORKS_DIR)",
				);
				GCC_PRECOMPILE_PREFIX_HEADER = YES;
				GCC_PREFIX_HEADER = "iBeacon/iBeacon-Prefix.pch";
				GCC_PREPROCESSOR_DEFINITIONS = (
					"DEBUG=1",
					"$(inherited)",
				);
				INFOPLIST_FILE = "iBeaconTests/iBeaconTests-Info.plist";
				PRODUCT_NAME = "$(TARGET_NAME)";
				TEST_HOST = "$(BUNDLE_LOADER)";
				WRAPPER_EXTENSION = xctest;
			};
			name = Debug;
		};
		41E6F69D195C5D0B0099209F /* Release */ = {
			isa = XCBuildConfiguration;
			buildSettings = {
				BUNDLE_LOADER = "$(BUILT_PRODUCTS_DIR)/iBeacon.app/iBeacon";
				FRAMEWORK_SEARCH_PATHS = (
					"$(SDKROOT)/Developer/Library/Frameworks",
					"$(inherited)",
					"$(DEVELOPER_FRAMEWORKS_DIR)",
				);
				GCC_PRECOMPILE_PREFIX_HEADER = YES;
				GCC_PREFIX_HEADER = "iBeacon/iBeacon-Prefix.pch";
				INFOPLIST_FILE = "iBeaconTests/iBeaconTests-Info.plist";
				PRODUCT_NAME = "$(TARGET_NAME)";
				TEST_HOST = "$(BUNDLE_LOADER)";
				WRAPPER_EXTENSION = xctest;
			};
			name = Release;
		};
/* End XCBuildConfiguration section */

/* Begin XCConfigurationList section */
		41E6F667195C5D0B0099209F /* Build configuration list for PBXProject "iBeacon" */ = {
			isa = XCConfigurationList;
			buildConfigurations = (
				41E6F696195C5D0B0099209F /* Debug */,
				41E6F697195C5D0B0099209F /* Release */,
			);
			defaultConfigurationIsVisible = 0;
			defaultConfigurationName = Release;
		};
		41E6F698195C5D0B0099209F /* Build configuration list for PBXNativeTarget "iBeacon" */ = {
			isa = XCConfigurationList;
			buildConfigurations = (
				41E6F699195C5D0B0099209F /* Debug */,
				41E6F69A195C5D0B0099209F /* Release */,
			);
			defaultConfigurationIsVisible = 0;
			defaultConfigurationName = Release;
		};
		41E6F69B195C5D0B0099209F /* Build configuration list for PBXNativeTarget "iBeaconTests" */ = {
			isa = XCConfigurationList;
			buildConfigurations = (
				41E6F69C195C5D0B0099209F /* Debug */,
				41E6F69D195C5D0B0099209F /* Release */,
			);
			defaultConfigurationIsVisible = 0;
			defaultConfigurationName = Release;
		};
/* End XCConfigurationList section */
	};
	rootObject = 41E6F664195C5D0B0099209F /* Project object */;
}
